PODS:
  - GoogleMaps (1.11.1)
  - Nimble (3.0.0)
  - Quick (0.8.0)
  - RxCocoa (2.0.0):
    - RxSwift (~> 2.0)
  - RxSwift (2.0.0)
  - SnapKit (0.18.0)

DEPENDENCIES:
  - GoogleMaps
  - Nimble
  - Quick
  - RxCocoa (= 2.0.0)
  - RxSwift (= 2.0.0)
  - SnapKit (~> 0.16)

SPEC CHECKSUMS:
  GoogleMaps: c947160008f414c66707a5ea60f35e92055c7670
  Nimble: 4c353d43735b38b545cbb4cb91504588eb5de926
  Quick: 563d0f6ec5f72e394645adb377708639b7dd38ab
  RxCocoa: b0ebd70b4f7450bdb3c8987b122f8fd568dc1e2f
  RxSwift: d83246efa6f16c50c143bec134649d045498f601
  SnapKit: e1f090a6d47b1dd4bd89b73f72b6746a7835ef3c

COCOAPODS: 0.39.0
